<?xml version="1.0" encoding="UTF-8" standalone="yes" ?>
<CodeBlocks_project_file>
	<FileVersion major="1" minor="6" />
	<Project>
		<Option title="gs" />
		<Option pch_mode="2" />
		<Option compiler="mingw64" />
		<Build>
			<Target title="Debug32">
				<Option output="bin/Debug32/gs" prefix_auto="1" extension_auto="1" />
				<Option object_output="obj/Debug/" />
				<Option type="1" />
				<Option compiler="mingw64" />
				<Compiler>
					<Add option="-g" />
					<Add directory="include/SDL2/i686-w64-mingw32" />
				</Compiler>
				<Linker>
					<Add directory="lib/SDL2/i686-w64-mingw32" />
				</Linker>
			</Target>
			<Target title="Debug64">
				<Option output="bin/Debug64/gs" prefix_auto="1" extension_auto="1" />
				<Option object_output="obj/Debug/" />
				<Option type="1" />
				<Option compiler="mingw64" />
				<Compiler>
					<Add option="-g" />
					<Add option="-m64" />
					<Add directory="include/SDL2/x86_64-w64-mingw32" />
				</Compiler>
				<Linker>
					<Add directory="lib/SDL2/x86_64-w64-mingw32" />
				</Linker>
			</Target>
			<Target title="Release32">
				<Option output="bin/Release32/gs" prefix_auto="1" extension_auto="1" />
				<Option object_output="obj/Release/" />
				<Option type="0" />
				<Option compiler="mingw64" />
				<Compiler>
					<Add option="-O2" />
					<Add directory="include/SDL2/i686-w64-mingw32" />
				</Compiler>
				<Linker>
					<Add option="-s" />
					<Add directory="lib/SDL2/i686-w64-mingw32" />
				</Linker>
			</Target>
			<Target title="Release64">
				<Option output="bin/Release64/gs" prefix_auto="1" extension_auto="1" />
				<Option object_output="obj/Release/" />
				<Option type="0" />
				<Option compiler="mingw64" />
				<Compiler>
					<Add option="-O2" />
					<Add option="-m64" />
					<Add directory="include/SDL2/x86_64-w64-mingw32" />
				</Compiler>
				<Linker>
					<Add option="-s" />
					<Add directory="lib/SDL2/x86_64-w64-mingw32" />
				</Linker>
			</Target>
		</Build>
		<Compiler>
			<Add option="-pedantic-errors" />
			<Add option="-std=c++11" />
			<Add option="-Wextra" />
			<Add option="-Wall" />
			<Add option="-static-libgcc" />
			<Add option="-static-libstdc++" />
			<Add directory="include" />
		</Compiler>
		<Linker>
			<Add option="-lopengl32" />
			<Add option="-lgdi32" />
			<Add option="-lmingw32" />
			<Add option="-lSDL2main" />
			<Add option="-lSDL2" />
		</Linker>
		<Unit filename="include/GL/gl3w.h" />
		<Unit filename="include/GL/glcorearb.h" />
		<Unit filename="src/gl3w/gl3w.c">
			<Option compilerVar="CC" />
		</Unit>
		<Unit filename="src/gs/gsCamera.cpp" />
		<Unit filename="src/gs/gsCamera.h" />
		<Unit filename="src/gs/gsCellLink.h" />
		<Unit filename="src/gs/gsConfig.cpp" />
		<Unit filename="src/gs/gsConfig.h" />
		<Unit filename="src/gs/gsEdge.h" />
		<Unit filename="src/gs/gsGlobe.cpp" />
		<Unit filename="src/gs/gsGlobe.h" />
		<Unit filename="src/gs/gsInputState.cpp" />
		<Unit filename="src/gs/gsInputState.h" />
		<Unit filename="src/gs/gsMatrixStack.h" />
		<Unit filename="src/gs/gsShader.cpp" />
		<Unit filename="src/gs/gsShader.h" />
		<Unit filename="src/gs/gsTile.h" />
		<Unit filename="src/gs/gsVec3.h" />
		<Unit filename="src/main.cpp" />
		<Unit filename="src/matrix/Matrices.cpp" />
		<Unit filename="src/matrix/Matrices.h" />
		<Unit filename="src/matrix/Vectors.h" />
		<Unit filename="src/voronoi/glm/CMakeLists.txt" />
		<Unit filename="src/voronoi/glm/copying.txt" />
		<Unit filename="src/voronoi/glm/core/_detail.hpp" />
		<Unit filename="src/voronoi/glm/core/_fixes.hpp" />
		<Unit filename="src/voronoi/glm/core/_swizzle.hpp" />
		<Unit filename="src/voronoi/glm/core/_swizzle_func.hpp" />
		<Unit filename="src/voronoi/glm/core/_vectorize.hpp" />
		<Unit filename="src/voronoi/glm/core/func_common.hpp" />
		<Unit filename="src/voronoi/glm/core/func_common.inl" />
		<Unit filename="src/voronoi/glm/core/func_exponential.hpp" />
		<Unit filename="src/voronoi/glm/core/func_exponential.inl" />
		<Unit filename="src/voronoi/glm/core/func_geometric.hpp" />
		<Unit filename="src/voronoi/glm/core/func_geometric.inl" />
		<Unit filename="src/voronoi/glm/core/func_integer.hpp" />
		<Unit filename="src/voronoi/glm/core/func_integer.inl" />
		<Unit filename="src/voronoi/glm/core/func_matrix.hpp" />
		<Unit filename="src/voronoi/glm/core/func_matrix.inl" />
		<Unit filename="src/voronoi/glm/core/func_noise.hpp" />
		<Unit filename="src/voronoi/glm/core/func_noise.inl" />
		<Unit filename="src/voronoi/glm/core/func_packing.hpp" />
		<Unit filename="src/voronoi/glm/core/func_packing.inl" />
		<Unit filename="src/voronoi/glm/core/func_trigonometric.hpp" />
		<Unit filename="src/voronoi/glm/core/func_trigonometric.inl" />
		<Unit filename="src/voronoi/glm/core/func_vector_relational.hpp" />
		<Unit filename="src/voronoi/glm/core/func_vector_relational.inl" />
		<Unit filename="src/voronoi/glm/core/hint.hpp" />
		<Unit filename="src/voronoi/glm/core/intrinsic_common.hpp" />
		<Unit filename="src/voronoi/glm/core/intrinsic_common.inl" />
		<Unit filename="src/voronoi/glm/core/intrinsic_exponential.hpp" />
		<Unit filename="src/voronoi/glm/core/intrinsic_exponential.inl" />
		<Unit filename="src/voronoi/glm/core/intrinsic_geometric.hpp" />
		<Unit filename="src/voronoi/glm/core/intrinsic_geometric.inl" />
		<Unit filename="src/voronoi/glm/core/intrinsic_matrix.hpp" />
		<Unit filename="src/voronoi/glm/core/intrinsic_matrix.inl" />
		<Unit filename="src/voronoi/glm/core/intrinsic_trigonometric.hpp" />
		<Unit filename="src/voronoi/glm/core/intrinsic_trigonometric.inl" />
		<Unit filename="src/voronoi/glm/core/intrinsic_vector_relational.hpp" />
		<Unit filename="src/voronoi/glm/core/intrinsic_vector_relational.inl" />
		<Unit filename="src/voronoi/glm/core/setup.hpp" />
		<Unit filename="src/voronoi/glm/core/type.hpp" />
		<Unit filename="src/voronoi/glm/core/type_float.hpp" />
		<Unit filename="src/voronoi/glm/core/type_gentype.hpp" />
		<Unit filename="src/voronoi/glm/core/type_gentype.inl" />
		<Unit filename="src/voronoi/glm/core/type_half.hpp" />
		<Unit filename="src/voronoi/glm/core/type_half.inl" />
		<Unit filename="src/voronoi/glm/core/type_int.hpp" />
		<Unit filename="src/voronoi/glm/core/type_mat.hpp" />
		<Unit filename="src/voronoi/glm/core/type_mat.inl" />
		<Unit filename="src/voronoi/glm/core/type_mat2x2.hpp" />
		<Unit filename="src/voronoi/glm/core/type_mat2x2.inl" />
		<Unit filename="src/voronoi/glm/core/type_mat2x3.hpp" />
		<Unit filename="src/voronoi/glm/core/type_mat2x3.inl" />
		<Unit filename="src/voronoi/glm/core/type_mat2x4.hpp" />
		<Unit filename="src/voronoi/glm/core/type_mat2x4.inl" />
		<Unit filename="src/voronoi/glm/core/type_mat3x2.hpp" />
		<Unit filename="src/voronoi/glm/core/type_mat3x2.inl" />
		<Unit filename="src/voronoi/glm/core/type_mat3x3.hpp" />
		<Unit filename="src/voronoi/glm/core/type_mat3x3.inl" />
		<Unit filename="src/voronoi/glm/core/type_mat3x4.hpp" />
		<Unit filename="src/voronoi/glm/core/type_mat3x4.inl" />
		<Unit filename="src/voronoi/glm/core/type_mat4x2.hpp" />
		<Unit filename="src/voronoi/glm/core/type_mat4x2.inl" />
		<Unit filename="src/voronoi/glm/core/type_mat4x3.hpp" />
		<Unit filename="src/voronoi/glm/core/type_mat4x3.inl" />
		<Unit filename="src/voronoi/glm/core/type_mat4x4.hpp" />
		<Unit filename="src/voronoi/glm/core/type_mat4x4.inl" />
		<Unit filename="src/voronoi/glm/core/type_size.hpp" />
		<Unit filename="src/voronoi/glm/core/type_vec.hpp" />
		<Unit filename="src/voronoi/glm/core/type_vec.inl" />
		<Unit filename="src/voronoi/glm/core/type_vec1.hpp" />
		<Unit filename="src/voronoi/glm/core/type_vec1.inl" />
		<Unit filename="src/voronoi/glm/core/type_vec2.hpp" />
		<Unit filename="src/voronoi/glm/core/type_vec2.inl" />
		<Unit filename="src/voronoi/glm/core/type_vec3.hpp" />
		<Unit filename="src/voronoi/glm/core/type_vec3.inl" />
		<Unit filename="src/voronoi/glm/core/type_vec4.hpp" />
		<Unit filename="src/voronoi/glm/core/type_vec4.inl" />
		<Unit filename="src/voronoi/glm/ext.hpp" />
		<Unit filename="src/voronoi/glm/glm.hpp" />
		<Unit filename="src/voronoi/glm/gtc/half_float.hpp" />
		<Unit filename="src/voronoi/glm/gtc/half_float.inl" />
		<Unit filename="src/voronoi/glm/gtc/matrix_access.hpp" />
		<Unit filename="src/voronoi/glm/gtc/matrix_access.inl" />
		<Unit filename="src/voronoi/glm/gtc/matrix_integer.hpp" />
		<Unit filename="src/voronoi/glm/gtc/matrix_inverse.hpp" />
		<Unit filename="src/voronoi/glm/gtc/matrix_inverse.inl" />
		<Unit filename="src/voronoi/glm/gtc/matrix_transform.hpp" />
		<Unit filename="src/voronoi/glm/gtc/matrix_transform.inl" />
		<Unit filename="src/voronoi/glm/gtc/noise.hpp" />
		<Unit filename="src/voronoi/glm/gtc/noise.inl" />
		<Unit filename="src/voronoi/glm/gtc/quaternion.hpp" />
		<Unit filename="src/voronoi/glm/gtc/quaternion.inl" />
		<Unit filename="src/voronoi/glm/gtc/random.hpp" />
		<Unit filename="src/voronoi/glm/gtc/random.inl" />
		<Unit filename="src/voronoi/glm/gtc/swizzle.hpp" />
		<Unit filename="src/voronoi/glm/gtc/swizzle.inl" />
		<Unit filename="src/voronoi/glm/gtc/type_precision.hpp" />
		<Unit filename="src/voronoi/glm/gtc/type_precision.inl" />
		<Unit filename="src/voronoi/glm/gtc/type_ptr.hpp" />
		<Unit filename="src/voronoi/glm/gtc/type_ptr.inl" />
		<Unit filename="src/voronoi/glm/gtx/associated_min_max.hpp" />
		<Unit filename="src/voronoi/glm/gtx/associated_min_max.inl" />
		<Unit filename="src/voronoi/glm/gtx/bit.hpp" />
		<Unit filename="src/voronoi/glm/gtx/bit.inl" />
		<Unit filename="src/voronoi/glm/gtx/closest_point.hpp" />
		<Unit filename="src/voronoi/glm/gtx/closest_point.inl" />
		<Unit filename="src/voronoi/glm/gtx/color_cast.hpp" />
		<Unit filename="src/voronoi/glm/gtx/color_cast.inl" />
		<Unit filename="src/voronoi/glm/gtx/color_space.hpp" />
		<Unit filename="src/voronoi/glm/gtx/color_space.inl" />
		<Unit filename="src/voronoi/glm/gtx/color_space_YCoCg.hpp" />
		<Unit filename="src/voronoi/glm/gtx/color_space_YCoCg.inl" />
		<Unit filename="src/voronoi/glm/gtx/compatibility.hpp" />
		<Unit filename="src/voronoi/glm/gtx/compatibility.inl" />
		<Unit filename="src/voronoi/glm/gtx/component_wise.hpp" />
		<Unit filename="src/voronoi/glm/gtx/component_wise.inl" />
		<Unit filename="src/voronoi/glm/gtx/constants.hpp" />
		<Unit filename="src/voronoi/glm/gtx/constants.inl" />
		<Unit filename="src/voronoi/glm/gtx/epsilon.hpp" />
		<Unit filename="src/voronoi/glm/gtx/epsilon.inl" />
		<Unit filename="src/voronoi/glm/gtx/euler_angles.hpp" />
		<Unit filename="src/voronoi/glm/gtx/euler_angles.inl" />
		<Unit filename="src/voronoi/glm/gtx/extend.hpp" />
		<Unit filename="src/voronoi/glm/gtx/extend.inl" />
		<Unit filename="src/voronoi/glm/gtx/extented_min_max.hpp" />
		<Unit filename="src/voronoi/glm/gtx/extented_min_max.inl" />
		<Unit filename="src/voronoi/glm/gtx/fast_exponential.hpp" />
		<Unit filename="src/voronoi/glm/gtx/fast_exponential.inl" />
		<Unit filename="src/voronoi/glm/gtx/fast_square_root.hpp" />
		<Unit filename="src/voronoi/glm/gtx/fast_square_root.inl" />
		<Unit filename="src/voronoi/glm/gtx/fast_trigonometry.hpp" />
		<Unit filename="src/voronoi/glm/gtx/fast_trigonometry.inl" />
		<Unit filename="src/voronoi/glm/gtx/gradient_paint.hpp" />
		<Unit filename="src/voronoi/glm/gtx/gradient_paint.inl" />
		<Unit filename="src/voronoi/glm/gtx/handed_coordinate_space.hpp" />
		<Unit filename="src/voronoi/glm/gtx/handed_coordinate_space.inl" />
		<Unit filename="src/voronoi/glm/gtx/inertia.hpp" />
		<Unit filename="src/voronoi/glm/gtx/inertia.inl" />
		<Unit filename="src/voronoi/glm/gtx/int_10_10_10_2.hpp" />
		<Unit filename="src/voronoi/glm/gtx/int_10_10_10_2.inl" />
		<Unit filename="src/voronoi/glm/gtx/integer.hpp" />
		<Unit filename="src/voronoi/glm/gtx/integer.inl" />
		<Unit filename="src/voronoi/glm/gtx/intersect.hpp" />
		<Unit filename="src/voronoi/glm/gtx/intersect.inl" />
		<Unit filename="src/voronoi/glm/gtx/log_base.hpp" />
		<Unit filename="src/voronoi/glm/gtx/log_base.inl" />
		<Unit filename="src/voronoi/glm/gtx/matrix_cross_product.hpp" />
		<Unit filename="src/voronoi/glm/gtx/matrix_cross_product.inl" />
		<Unit filename="src/voronoi/glm/gtx/matrix_interpolation.hpp" />
		<Unit filename="src/voronoi/glm/gtx/matrix_interpolation.inl" />
		<Unit filename="src/voronoi/glm/gtx/matrix_major_storage.hpp" />
		<Unit filename="src/voronoi/glm/gtx/matrix_major_storage.inl" />
		<Unit filename="src/voronoi/glm/gtx/matrix_operation.hpp" />
		<Unit filename="src/voronoi/glm/gtx/matrix_operation.inl" />
		<Unit filename="src/voronoi/glm/gtx/matrix_query.hpp" />
		<Unit filename="src/voronoi/glm/gtx/matrix_query.inl" />
		<Unit filename="src/voronoi/glm/gtx/mixed_product.hpp" />
		<Unit filename="src/voronoi/glm/gtx/mixed_product.inl" />
		<Unit filename="src/voronoi/glm/gtx/multiple.hpp" />
		<Unit filename="src/voronoi/glm/gtx/multiple.inl" />
		<Unit filename="src/voronoi/glm/gtx/noise.hpp" />
		<Unit filename="src/voronoi/glm/gtx/noise.inl" />
		<Unit filename="src/voronoi/glm/gtx/norm.hpp" />
		<Unit filename="src/voronoi/glm/gtx/norm.inl" />
		<Unit filename="src/voronoi/glm/gtx/normal.hpp" />
		<Unit filename="src/voronoi/glm/gtx/normal.inl" />
		<Unit filename="src/voronoi/glm/gtx/normalize_dot.hpp" />
		<Unit filename="src/voronoi/glm/gtx/normalize_dot.inl" />
		<Unit filename="src/voronoi/glm/gtx/number_precision.hpp" />
		<Unit filename="src/voronoi/glm/gtx/number_precision.inl" />
		<Unit filename="src/voronoi/glm/gtx/ocl_type.hpp" />
		<Unit filename="src/voronoi/glm/gtx/ocl_type.inl" />
		<Unit filename="src/voronoi/glm/gtx/optimum_pow.hpp" />
		<Unit filename="src/voronoi/glm/gtx/optimum_pow.inl" />
		<Unit filename="src/voronoi/glm/gtx/orthonormalize.hpp" />
		<Unit filename="src/voronoi/glm/gtx/orthonormalize.inl" />
		<Unit filename="src/voronoi/glm/gtx/perpendicular.hpp" />
		<Unit filename="src/voronoi/glm/gtx/perpendicular.inl" />
		<Unit filename="src/voronoi/glm/gtx/polar_coordinates.hpp" />
		<Unit filename="src/voronoi/glm/gtx/polar_coordinates.inl" />
		<Unit filename="src/voronoi/glm/gtx/projection.hpp" />
		<Unit filename="src/voronoi/glm/gtx/projection.inl" />
		<Unit filename="src/voronoi/glm/gtx/quaternion.hpp" />
		<Unit filename="src/voronoi/glm/gtx/quaternion.inl" />
		<Unit filename="src/voronoi/glm/gtx/random.hpp" />
		<Unit filename="src/voronoi/glm/gtx/random.inl" />
		<Unit filename="src/voronoi/glm/gtx/raw_data.hpp" />
		<Unit filename="src/voronoi/glm/gtx/raw_data.inl" />
		<Unit filename="src/voronoi/glm/gtx/reciprocal.hpp" />
		<Unit filename="src/voronoi/glm/gtx/reciprocal.inl" />
		<Unit filename="src/voronoi/glm/gtx/rotate_vector.hpp" />
		<Unit filename="src/voronoi/glm/gtx/rotate_vector.inl" />
		<Unit filename="src/voronoi/glm/gtx/simd_mat4.hpp" />
		<Unit filename="src/voronoi/glm/gtx/simd_mat4.inl" />
		<Unit filename="src/voronoi/glm/gtx/simd_vec4.hpp" />
		<Unit filename="src/voronoi/glm/gtx/simd_vec4.inl" />
		<Unit filename="src/voronoi/glm/gtx/spline.hpp" />
		<Unit filename="src/voronoi/glm/gtx/spline.inl" />
		<Unit filename="src/voronoi/glm/gtx/std_based_type.hpp" />
		<Unit filename="src/voronoi/glm/gtx/std_based_type.inl" />
		<Unit filename="src/voronoi/glm/gtx/string_cast.hpp" />
		<Unit filename="src/voronoi/glm/gtx/string_cast.inl" />
		<Unit filename="src/voronoi/glm/gtx/transform.hpp" />
		<Unit filename="src/voronoi/glm/gtx/transform.inl" />
		<Unit filename="src/voronoi/glm/gtx/transform2.hpp" />
		<Unit filename="src/voronoi/glm/gtx/transform2.inl" />
		<Unit filename="src/voronoi/glm/gtx/ulp.hpp" />
		<Unit filename="src/voronoi/glm/gtx/ulp.inl" />
		<Unit filename="src/voronoi/glm/gtx/unsigned_int.hpp" />
		<Unit filename="src/voronoi/glm/gtx/unsigned_int.inl" />
		<Unit filename="src/voronoi/glm/gtx/vec1.hpp" />
		<Unit filename="src/voronoi/glm/gtx/vec1.inl" />
		<Unit filename="src/voronoi/glm/gtx/vector_access.hpp" />
		<Unit filename="src/voronoi/glm/gtx/vector_access.inl" />
		<Unit filename="src/voronoi/glm/gtx/vector_angle.hpp" />
		<Unit filename="src/voronoi/glm/gtx/vector_angle.inl" />
		<Unit filename="src/voronoi/glm/gtx/vector_query.hpp" />
		<Unit filename="src/voronoi/glm/gtx/vector_query.inl" />
		<Unit filename="src/voronoi/glm/gtx/verbose_operator.hpp" />
		<Unit filename="src/voronoi/glm/gtx/verbose_operator.inl" />
		<Unit filename="src/voronoi/glm/gtx/wrap.hpp" />
		<Unit filename="src/voronoi/glm/gtx/wrap.inl" />
		<Unit filename="src/voronoi/glm/virtrev/xstream.hpp" />
		<Unit filename="src/voronoi/src/beachline.cpp" />
		<Unit filename="src/voronoi/src/beachline.h" />
		<Unit filename="src/voronoi/src/mp_sample_generator.cpp" />
		<Unit filename="src/voronoi/src/mp_sample_generator.h" />
		<Unit filename="src/voronoi/src/mpreal/mpvec3.cpp" />
		<Unit filename="src/voronoi/src/mpreal/mpvec3.h" />
		<Unit filename="src/voronoi/src/priqueue.cpp" />
		<Unit filename="src/voronoi/src/priqueue.h" />
		<Unit filename="src/voronoi/src/voronoi.cpp" />
		<Unit filename="src/voronoi/src/voronoi.h" />
		<Unit filename="src/voronoi/src/voronoi_cell.cpp" />
		<Unit filename="src/voronoi/src/voronoi_cell.h" />
		<Unit filename="src/voronoi/src/voronoi_event.cpp" />
		<Unit filename="src/voronoi/src/voronoi_event.h" />
		<Unit filename="src/voronoi/src/voronoi_event_compare.h" />
		<Unit filename="src/voronoi/src/voronoi_generator.cpp" />
		<Unit filename="src/voronoi/src/voronoi_generator.h" />
		<Extensions>
			<code_completion />
			<envvars />
			<debugger />
		</Extensions>
	</Project>
</CodeBlocks_project_file>
